{
  "name": "http-class",
  "version": "0.1.0",
  "lockfileVersion": 1,
  "requires": true,
  "dependencies": {
    "@giovannicardamone/eslint-config": {
      "version": "0.0.1",
      "resolved": "https://registry.npmjs.org/@giovannicardamone/eslint-config/-/eslint-config-0.0.1.tgz",
      "integrity": "sha512-XRc3N8588EoRwiWL0WbNk14OeBeDev87xuSbYV269OUPmsZoZ3Y9iodypRecbBRRxQ7rzeaqNvIvgHAzQ2ToJg==",
      "dev": true
    },
    "@giovannicardamone/prettier-config": {
      "version": "0.0.2",
      "resolved": "https://registry.npmjs.org/@giovannicardamone/prettier-config/-/prettier-config-0.0.2.tgz",
      "integrity": "sha512-O79jaTwcC7HDSwxLdHelaitR3lJ33eI6nNGgbKLItfVtcAXdFwAaqql2ueSqwd23xqEdkBx7QYl8aTtjQpUkPg==",
      "dev": true
    }
  }
}
